
Microsoft Visual Studio Solution File, Format Version 12.00
# Visual Studio 14
VisualStudioVersion = 14.0.24720.0
MinimumVisualStudioVersion = 10.0.40219.1
Project("{8BC9CEB8-8B4A-11D0-8D11-00A0C91BC942}") = "Maniafix", "Maniafix\Maniafix.vcxproj", "{71621BED-434C-4CDA-BB20-A0D970130C69}"
EndProject
Project("{8BC9CEB8-8B4A-11D0-8D11-00A0C91BC942}") = "ManiafixLauncher", "ManiafixLauncher\ManiafixLauncher.vcxproj", "{115F7BC1-AC0C-4A7C-AEB2-BE0805CBE07C}"
	ProjectSection(ProjectDependencies) = postProject
		{71621BED-434C-4CDA-BB20-A0D970130C69} = {71621BED-434C-4CDA-BB20-A0D970130C69}
	EndProjectSection
EndProject
Global
	GlobalSection(SolutionConfigurationPlatforms) = preSolution
		Debug|x64 = Debug|x64
		Debug|x86 = Debug|x86
		Release|x64 = Release|x64
		Release|x86 = Release|x86
	EndGlobalSection
	GlobalSection(ProjectConfigurationPlatforms) = postSolution
		{71621BED-434C-4CDA-BB20-A0D970130C69}.Debug|x64.ActiveCfg = Debug|x64
		{71621BED-434C-4CDA-BB20-A0D970130C69}.Debug|x64.Build.0 = Debug|x64
		{71621BED-434C-4CDA-BB20-A0D970130C69}.Debug|x86.ActiveCfg = Debug|Win32
		{71621BED-434C-4CDA-BB20-A0D970130C69}.Debug|x86.Build.0 = Debug|Win32
		{71621BED-434C-4CDA-BB20-A0D970130C69}.Release|x64.ActiveCfg = Release|x64
		{71621BED-434C-4CDA-BB20-A0D970130C69}.Release|x64.Build.0 = Release|x64
		{71621BED-434C-4CDA-BB20-A0D970130C69}.Release|x86.ActiveCfg = Release|Win32
		{71621BED-434C-4CDA-BB20-A0D970130C69}.Release|x86.Build.0 = Release|Win32
		{115F7BC1-AC0C-4A7C-AEB2-BE0805CBE07C}.Debug|x64.ActiveCfg = Debug|x64
		{115F7BC1-AC0C-4A7C-AEB2-BE0805CBE07C}.Debug|x64.Build.0 = Debug|x64
		{115F7BC1-AC0C-4A7C-AEB2-BE0805CBE07C}.Debug|x86.ActiveCfg = Debug|Win32
		{115F7BC1-AC0C-4A7C-AEB2-BE0805CBE07C}.Debug|x86.Build.0 = Debug|Win32
		{115F7BC1-AC0C-4A7C-AEB2-BE0805CBE07C}.Release|x64.ActiveCfg = Release|x64
		{115F7BC1-AC0C-4A7C-AEB2-BE0805CBE07C}.Release|x64.Build.0 = Release|x64
		{115F7BC1-AC0C-4A7C-AEB2-BE0805CBE07C}.Release|x86.ActiveCfg = Release|Win32
		{115F7BC1-AC0C-4A7C-AEB2-BE0805CBE07C}.Release|x86.Build.0 = Release|Win32
	EndGlobalSection
	GlobalSection(SolutionProperties) = preSolution
		HideSolutionNode = FALSE
	EndGlobalSection
EndGlobal
